# THIS IS AN AUTOGENERATED FILE. DO NOT EDIT THIS FILE DIRECTLY.
# yarn lockfile v1


core-js@^3.1.3:
  version "3.1.3"
  resolved "https://registry.yarnpkg.com/core-js/-/core-js-3.1.3.tgz#95700bca5f248f5f78c0ec63e784eca663ec4138"
  integrity sha512-PWZ+ZfuaKf178BIAg+CRsljwjIMRV8MY00CbZczkR6Zk5LfkSkjGoaab3+bqRQWVITNZxQB7TFYz+CFcyuamvA==

custom-event-polyfill@^1.0.7:
  version "1.0.7"
  resolved "https://registry.yarnpkg.com/custom-event-polyfill/-/custom-event-polyfill-1.0.7.tgz#9bc993ddda937c1a30ccd335614c6c58c4f87aee"
  integrity sha512-TDDkd5DkaZxZFM8p+1I3yAlvM3rSr1wbrOliG4yJiwinMZN8z/iGL7BTlDkrJcYTmgUSb4ywVCc3ZaUtOtC76w==

raven-js@^3.27.1:
  version "3.27.1"
  resolved "https://registry.yarnpkg.com/raven-js/-/raven-js-3.27.1.tgz#e187a12982061908ccbf935af0640c9043d7d666"
  integrity sha512-r/9CwSbaGfBFjo4hGR45DAmrukUKkQ4HdMu80PlVLDY1t8f9b4aaZzTsFegaafu7EGhEYougWDJ9/IcTdYdLXQ==

shr-buttons@2.0.2:
  version "2.0.2"
  resolved "https://registry.yarnpkg.com/shr-buttons/-/shr-buttons-2.0.2.tgz#a3c11b36067b8902afbff9845d0e023f9f76865f"
  integrity sha512-UYaZjF5FK1NZrXjQF8YkWOzxM7Z210lv3TDsFMTTp7hbJrdybNPF4WX4k5a+dW25R97FMBZaSnMWvI9TpuCCoA==

url-polyfill@^1.1.5:
  version "1.1.5"
  resolved "https://registry.yarnpkg.com/url-polyfill/-/url-polyfill-1.1.5.tgz#bec79b72b5407dba6d8cced2e32e4ab273aa9fb1"
  integrity sha512-9XjIJ6nwrU+nGd8t90Ze0Zs7t8A+SU0gqsqPttj6j3zAVe5q0HFcuv37nDBdVSPpi4aTHTfbUF/i+ZVD+o2EbA==
