# THIS IS AN AUTOGENERATED FILE. DO NOT EDIT THIS FILE DIRECTLY.
# yarn lockfile v1


"@sentry/browser@^5.15.4":
  version "5.15.4"
  resolved "https://registry.yarnpkg.com/@sentry/browser/-/browser-5.15.4.tgz#5a7e7bad088556665ed8e69bceb0e18784e4f6c7"
  integrity sha512-l/auT1HtZM3KxjCGQHYO/K51ygnlcuOrM+7Ga8gUUbU9ZXDYw6jRi0+Af9aqXKmdDw1naNxr7OCSy6NBrLWVZw==
  dependencies:
    "@sentry/core" "5.15.4"
    "@sentry/types" "5.15.4"
    "@sentry/utils" "5.15.4"
    tslib "^1.9.3"

"@sentry/core@5.15.4":
  version "5.15.4"
  resolved "https://registry.yarnpkg.com/@sentry/core/-/core-5.15.4.tgz#08b617e093a636168be5aebad141d1f744217085"
  integrity sha512-9KP4NM4SqfV5NixpvAymC7Nvp36Zj4dU2fowmxiq7OIbzTxGXDhwuN/t0Uh8xiqlkpkQqSECZ1OjSFXrBldetQ==
  dependencies:
    "@sentry/hub" "5.15.4"
    "@sentry/minimal" "5.15.4"
    "@sentry/types" "5.15.4"
    "@sentry/utils" "5.15.4"
    tslib "^1.9.3"

"@sentry/hub@5.15.4":
  version "5.15.4"
  resolved "https://registry.yarnpkg.com/@sentry/hub/-/hub-5.15.4.tgz#cb64473725a60eec63b0be58ed1143eaaf894bee"
  integrity sha512-1XJ1SVqadkbUT4zLS0TVIVl99si7oHizLmghR8LMFl5wOkGEgehHSoOydQkIAX2C7sJmaF5TZ47ORBHgkqclUg==
  dependencies:
    "@sentry/types" "5.15.4"
    "@sentry/utils" "5.15.4"
    tslib "^1.9.3"

"@sentry/minimal@5.15.4":
  version "5.15.4"
  resolved "https://registry.yarnpkg.com/@sentry/minimal/-/minimal-5.15.4.tgz#113f01fefb86b7830994c3dfa7ad4889ba7b2003"
  integrity sha512-GL4GZ3drS9ge+wmxkHBAMEwulaE7DMvAEfKQPDAjg2p3MfcCMhAYfuY4jJByAC9rg9OwBGGehz7UmhWMFjE0tw==
  dependencies:
    "@sentry/hub" "5.15.4"
    "@sentry/types" "5.15.4"
    tslib "^1.9.3"

"@sentry/types@5.15.4":
  version "5.15.4"
  resolved "https://registry.yarnpkg.com/@sentry/types/-/types-5.15.4.tgz#37f30e35b06e8e12ad1101f1beec3e9b88ca1aab"
  integrity sha512-quPHPpeAuwID48HLPmqBiyXE3xEiZLZ5D3CEbU3c3YuvvAg8qmfOOTI6z4Z3Eedi7flvYpnx3n7N3dXIEz30Eg==

"@sentry/utils@5.15.4":
  version "5.15.4"
  resolved "https://registry.yarnpkg.com/@sentry/utils/-/utils-5.15.4.tgz#02865ab3c9b745656cea0ab183767ec26c96f6e6"
  integrity sha512-lO8SLBjrUDGADl0LOkd55R5oL510d/1SaI08/IBHZCxCUwI4TiYo5EPECq8mrj3XGfgCyq9osw33bymRlIDuSQ==
  dependencies:
    "@sentry/types" "5.15.4"
    tslib "^1.9.3"

core-js@^3.6.4:
  version "3.6.4"
  resolved "https://registry.yarnpkg.com/core-js/-/core-js-3.6.4.tgz#440a83536b458114b9cb2ac1580ba377dc470647"
  integrity sha512-4paDGScNgZP2IXXilaffL9X7968RuvwlkK3xWtZRVqgd8SYNiVKRJvkFd1aqqEuPfN7E68ZHEp9hDj6lHj4Hyw==

custom-event-polyfill@^1.0.7:
  version "1.0.7"
  resolved "https://registry.yarnpkg.com/custom-event-polyfill/-/custom-event-polyfill-1.0.7.tgz#9bc993ddda937c1a30ccd335614c6c58c4f87aee"
  integrity sha512-TDDkd5DkaZxZFM8p+1I3yAlvM3rSr1wbrOliG4yJiwinMZN8z/iGL7BTlDkrJcYTmgUSb4ywVCc3ZaUtOtC76w==

shr-buttons@2.0.3:
  version "2.0.3"
  resolved "https://registry.yarnpkg.com/shr-buttons/-/shr-buttons-2.0.3.tgz#2ffd021fc3d789e1510ce2736b938bd09ea1da5a"
  integrity sha512-sPAgHiw4uaIt9TnxTfyZEedDChcldSVtnBHE44cpe/mSC7rqm4IEKZRLYqnVlTcGM+FSDNBPUNpSf50Q2ntd+w==

tslib@^1.9.3:
  version "1.11.1"
  resolved "https://registry.yarnpkg.com/tslib/-/tslib-1.11.1.tgz#eb15d128827fbee2841549e171f45ed338ac7e35"
  integrity sha512-aZW88SY8kQbU7gpV19lN24LtXh/yD4ZZg6qieAJDDg+YBsJcSmLGK9QpnUjAKVG/xefmvJGd1WUmfpT/g6AJGA==

url-polyfill@^1.1.8:
  version "1.1.8"
  resolved "https://registry.yarnpkg.com/url-polyfill/-/url-polyfill-1.1.8.tgz#21eb58ad61192f52b77dcac8ab5293ae7bc67060"
  integrity sha512-Ey61F4FEqhcu1vHSOMmjl0Vd/RPRLEjMj402qszD/dhMBrVfoUsnIj8KSZo2yj+eIlxJGKFdnm6ES+7UzMgZ3Q==
